
Microsoft Visual Studio Solution File, Format Version 12.00
# Visual Studio Version 16
VisualStudioVersion = 16.0.30413.136
MinimumVisualStudioVersion = 10.0.40219.1
Project("{FAE04EC0-301F-11D3-BF4B-00C04F79EFBC}") = "OSHFT_Q_R", "OSHFT_Q_R\OSHFT_Q_R.csproj", "{79220F0F-C872-41D1-AC3E-910CBDCFCDD8}"
EndProject
Project("{9A19103F-16F7-4668-BE54-9A1E7A4F7556}") = "ServiceStack.Redis", "ServiceStack.Redis-master\src\ServiceStack.Redis\ServiceStack.Redis.csproj", "{355D8BD1-9A65-4D42-8D7C-46A44407758B}"
EndProject
Global
	GlobalSection(SolutionConfigurationPlatforms) = preSolution
		Debug|Any CPU = Debug|Any CPU
		Release|Any CPU = Release|Any CPU
	EndGlobalSection
	GlobalSection(ProjectConfigurationPlatforms) = postSolution
		{79220F0F-C872-41D1-AC3E-910CBDCFCDD8}.Debug|Any CPU.ActiveCfg = Debug|Any CPU
		{79220F0F-C872-41D1-AC3E-910CBDCFCDD8}.Debug|Any CPU.Build.0 = Debug|Any CPU
		{79220F0F-C872-41D1-AC3E-910CBDCFCDD8}.Release|Any CPU.ActiveCfg = Release|Any CPU
		{79220F0F-C872-41D1-AC3E-910CBDCFCDD8}.Release|Any CPU.Build.0 = Release|Any CPU
		{355D8BD1-9A65-4D42-8D7C-46A44407758B}.Debug|Any CPU.ActiveCfg = Debug|Any CPU
		{355D8BD1-9A65-4D42-8D7C-46A44407758B}.Debug|Any CPU.Build.0 = Debug|Any CPU
		{355D8BD1-9A65-4D42-8D7C-46A44407758B}.Release|Any CPU.ActiveCfg = Release|Any CPU
		{355D8BD1-9A65-4D42-8D7C-46A44407758B}.Release|Any CPU.Build.0 = Release|Any CPU
	EndGlobalSection
	GlobalSection(SolutionProperties) = preSolution
		HideSolutionNode = FALSE
	EndGlobalSection
	GlobalSection(ExtensibilityGlobals) = postSolution
		SolutionGuid = {9D882E44-CFCC-4A47-BB33-D2BAA1C2F784}
	EndGlobalSection
EndGlobal
